// !$*UTF8*$!
{
	archiveVersion = 1;
	classes = {
	};
	objectVersion = 55;
	objects = {

/* Begin PBXBuildFile section */
		1070B091280C0D280016BE8C /* KaraokeSDKDemoApp.swift in Sources */ = {isa = PBXBuildFile; fileRef = 1070B090280C0D280016BE8C /* KaraokeSDKDemoApp.swift */; };
		1070B093280C0D280016BE8C /* ContentView.swift in Sources */ = {isa = PBXBuildFile; fileRef = 1070B092280C0D280016BE8C /* ContentView.swift */; };
		1070B095280C0D280016BE8C /* Assets.xcassets in Resources */ = {isa = PBXBuildFile; fileRef = 1070B094280C0D280016BE8C /* Assets.xcassets */; };
		1070B098280C0D280016BE8C /* Preview Assets.xcassets in Resources */ = {isa = PBXBuildFile; fileRef = 1070B097280C0D280016BE8C /* Preview Assets.xcassets */; };
		1070B0A2280C0D280016BE8C /* KaraokeSDKDemoTests.swift in Sources */ = {isa = PBXBuildFile; fileRef = 1070B0A1280C0D280016BE8C /* KaraokeSDKDemoTests.swift */; };
		1070B0AC280C0D280016BE8C /* KaraokeSDKDemoUITests.swift in Sources */ = {isa = PBXBuildFile; fileRef = 1070B0AB280C0D280016BE8C /* KaraokeSDKDemoUITests.swift */; };
		1070B0AE280C0D280016BE8C /* KaraokeSDKDemoUITestsLaunchTests.swift in Sources */ = {isa = PBXBuildFile; fileRef = 1070B0AD280C0D280016BE8C /* KaraokeSDKDemoUITestsLaunchTests.swift */; };
		10C24EFE280C0D7F00A03FD2 /* KaraokeSDK in Frameworks */ = {isa = PBXBuildFile; productRef = 10C24EFD280C0D7F00A03FD2 /* KaraokeSDK */; };
/* End PBXBuildFile section */

/* Begin PBXContainerItemProxy section */
		1070B09E280C0D280016BE8C /* PBXContainerItemProxy */ = {
			isa = PBXContainerItemProxy;
			containerPortal = 1070B085280C0D280016BE8C /* Project object */;
			proxyType = 1;
			remoteGlobalIDString = 1070B08C280C0D280016BE8C;
			remoteInfo = KaraokeSDKDemo;
		};
		1070B0A8280C0D280016BE8C /* PBXContainerItemProxy */ = {
			isa = PBXContainerItemProxy;
			containerPortal = 1070B085280C0D280016BE8C /* Project object */;
			proxyType = 1;
			remoteGlobalIDString = 1070B08C280C0D280016BE8C;
			remoteInfo = KaraokeSDKDemo;
		};
/* End PBXContainerItemProxy section */

/* Begin PBXFileReference section */
		1070B08D280C0D280016BE8C /* KaraokeSDKDemo.app */ = {isa = PBXFileReference; explicitFileType = wrapper.application; includeInIndex = 0; path = KaraokeSDKDemo.app; sourceTree = BUILT_PRODUCTS_DIR; };
		1070B090280C0D280016BE8C /* KaraokeSDKDemoApp.swift */ = {isa = PBXFileReference; lastKnownFileType = sourcecode.swift; path = KaraokeSDKDemoApp.swift; sourceTree = "<group>"; };
		1070B092280C0D280016BE8C /* ContentView.swift */ = {isa = PBXFileReference; lastKnownFileType = sourcecode.swift; path = ContentView.swift; sourceTree = "<group>"; };
		1070B094280C0D280016BE8C /* Assets.xcassets */ = {isa = PBXFileReference; lastKnownFileType = folder.assetcatalog; path = Assets.xcassets; sourceTree = "<group>"; };
		1070B097280C0D280016BE8C /* Preview Assets.xcassets */ = {isa = PBXFileReference; lastKnownFileType = folder.assetcatalog; path = "Preview Assets.xcassets"; sourceTree = "<group>"; };
		1070B09D280C0D280016BE8C /* KaraokeSDKDemoTests.xctest */ = {isa = PBXFileReference; explicitFileType = wrapper.cfbundle; includeInIndex = 0; path = KaraokeSDKDemoTests.xctest; sourceTree = BUILT_PRODUCTS_DIR; };
		1070B0A1280C0D280016BE8C /* KaraokeSDKDemoTests.swift */ = {isa = PBXFileReference; lastKnownFileType = sourcecode.swift; path = KaraokeSDKDemoTests.swift; sourceTree = "<group>"; };
		1070B0A7280C0D280016BE8C /* KaraokeSDKDemoUITests.xctest */ = {isa = PBXFileReference; explicitFileType = wrapper.cfbundle; includeInIndex = 0; path = KaraokeSDKDemoUITests.xctest; sourceTree = BUILT_PRODUCTS_DIR; };
		1070B0AB280C0D280016BE8C /* KaraokeSDKDemoUITests.swift */ = {isa = PBXFileReference; lastKnownFileType = sourcecode.swift; path = KaraokeSDKDemoUITests.swift; sourceTree = "<group>"; };
		1070B0AD280C0D280016BE8C /* KaraokeSDKDemoUITestsLaunchTests.swift */ = {isa = PBXFileReference; lastKnownFileType = sourcecode.swift; path = KaraokeSDKDemoUITestsLaunchTests.swift; sourceTree = "<group>"; };
		1070B0BB280C0D3B0016BE8C /* KaraokeSDK */ = {isa = PBXFileReference; lastKnownFileType = wrapper; name = KaraokeSDK; path = ..; sourceTree = "<group>"; };
/* End PBXFileReference section */

/* Begin PBXFrameworksBuildPhase section */
		1070B08A280C0D280016BE8C /* Frameworks */ = {
			isa = PBXFrameworksBuildPhase;
			buildActionMask = 2147483647;
			files = (
				10C24EFE280C0D7F00A03FD2 /* KaraokeSDK in Frameworks */,
			);
			runOnlyForDeploymentPostprocessing = 0;
		};
		1070B09A280C0D280016BE8C /* Frameworks */ = {
			isa = PBXFrameworksBuildPhase;
			buildActionMask = 2147483647;
			files = (
			);
			runOnlyForDeploymentPostprocessing = 0;
		};
		1070B0A4280C0D280016BE8C /* Frameworks */ = {
			isa = PBXFrameworksBuildPhase;
			buildActionMask = 2147483647;
			files = (
			);
			runOnlyForDeploymentPostprocessing = 0;
		};
/* End PBXFrameworksBuildPhase section */

/* Begin PBXGroup section */
		1070B084280C0D280016BE8C = {
			isa = PBXGroup;
			children = (
				1070B0BA280C0D3B0016BE8C /* Packages */,
				1070B08F280C0D280016BE8C /* KaraokeSDKDemo */,
				1070B0A0280C0D280016BE8C /* KaraokeSDKDemoTests */,
				1070B0AA280C0D280016BE8C /* KaraokeSDKDemoUITests */,
				1070B08E280C0D280016BE8C /* Products */,
				10C24EFC280C0D7F00A03FD2 /* Frameworks */,
			);
			sourceTree = "<group>";
		};
		1070B08E280C0D280016BE8C /* Products */ = {
			isa = PBXGroup;
			children = (
				1070B08D280C0D280016BE8C /* KaraokeSDKDemo.app */,
				1070B09D280C0D280016BE8C /* KaraokeSDKDemoTests.xctest */,
				1070B0A7280C0D280016BE8C /* KaraokeSDKDemoUITests.xctest */,
			);
			name = Products;
			sourceTree = "<group>";
		};
		1070B08F280C0D280016BE8C /* KaraokeSDKDemo */ = {
			isa = PBXGroup;
			children = (
				1070B090280C0D280016BE8C /* KaraokeSDKDemoApp.swift */,
				1070B092280C0D280016BE8C /* ContentView.swift */,
				1070B094280C0D280016BE8C /* Assets.xcassets */,
				1070B096280C0D280016BE8C /* Preview Content */,
			);
			path = KaraokeSDKDemo;
			sourceTree = "<group>";
		};
		1070B096280C0D280016BE8C /* Preview Content */ = {
			isa = PBXGroup;
			children = (
				1070B097280C0D280016BE8C /* Preview Assets.xcassets */,
			);
			path = "Preview Content";
			sourceTree = "<group>";
		};
		1070B0A0280C0D280016BE8C /* KaraokeSDKDemoTests */ = {
			isa = PBXGroup;
			children = (
				1070B0A1280C0D280016BE8C /* KaraokeSDKDemoTests.swift */,
			);
			path = KaraokeSDKDemoTests;
			sourceTree = "<group>";
		};
		1070B0AA280C0D280016BE8C /* KaraokeSDKDemoUITests */ = {
			isa = PBXGroup;
			children = (
				1070B0AB280C0D280016BE8C /* KaraokeSDKDemoUITests.swift */,
				1070B0AD280C0D280016BE8C /* KaraokeSDKDemoUITestsLaunchTests.swift */,
			);
			path = KaraokeSDKDemoUITests;
			sourceTree = "<group>";
		};
		1070B0BA280C0D3B0016BE8C /* Packages */ = {
			isa = PBXGroup;
			children = (
				1070B0BB280C0D3B0016BE8C /* KaraokeSDK */,
			);
			name = Packages;
			sourceTree = "<group>";
		};
		10C24EFC280C0D7F00A03FD2 /* Frameworks */ = {
			isa = PBXGroup;
			children = (
			);
			name = Frameworks;
			sourceTree = "<group>";
		};
/* End PBXGroup section */

/* Begin PBXNativeTarget section */
		1070B08C280C0D280016BE8C /* KaraokeSDKDemo */ = {
			isa = PBXNativeTarget;
			buildConfigurationList = 1070B0B1280C0D280016BE8C /* Build configuration list for PBXNativeTarget "KaraokeSDKDemo" */;
			buildPhases = (
				1070B089280C0D280016BE8C /* Sources */,
				1070B08A280C0D280016BE8C /* Frameworks */,
				1070B08B280C0D280016BE8C /* Resources */,
			);
			buildRules = (
			);
			dependencies = (
			);
			name = KaraokeSDKDemo;
			packageProductDependencies = (
				10C24EFD280C0D7F00A03FD2 /* KaraokeSDK */,
			);
			productName = KaraokeSDKDemo;
			productReference = 1070B08D280C0D280016BE8C /* KaraokeSDKDemo.app */;
			productType = "com.apple.product-type.application";
		};
		1070B09C280C0D280016BE8C /* KaraokeSDKDemoTests */ = {
			isa = PBXNativeTarget;
			buildConfigurationList = 1070B0B4280C0D280016BE8C /* Build configuration list for PBXNativeTarget "KaraokeSDKDemoTests" */;
			buildPhases = (
				1070B099280C0D280016BE8C /* Sources */,
				1070B09A280C0D280016BE8C /* Frameworks */,
				1070B09B280C0D280016BE8C /* Resources */,
			);
			buildRules = (
			);
			dependencies = (
				1070B09F280C0D280016BE8C /* PBXTargetDependency */,
			);
			name = KaraokeSDKDemoTests;
			productName = KaraokeSDKDemoTests;
			productReference = 1070B09D280C0D280016BE8C /* KaraokeSDKDemoTests.xctest */;
			productType = "com.apple.product-type.bundle.unit-test";
		};
		1070B0A6280C0D280016BE8C /* KaraokeSDKDemoUITests */ = {
			isa = PBXNativeTarget;
			buildConfigurationList = 1070B0B7280C0D280016BE8C /* Build configuration list for PBXNativeTarget "KaraokeSDKDemoUITests" */;
			buildPhases = (
				1070B0A3280C0D280016BE8C /* Sources */,
				1070B0A4280C0D280016BE8C /* Frameworks */,
				1070B0A5280C0D280016BE8C /* Resources */,
			);
			buildRules = (
			);
			dependencies = (
				1070B0A9280C0D280016BE8C /* PBXTargetDependency */,
			);
			name = KaraokeSDKDemoUITests;
			productName = KaraokeSDKDemoUITests;
			productReference = 1070B0A7280C0D280016BE8C /* KaraokeSDKDemoUITests.xctest */;
			productType = "com.apple.product-type.bundle.ui-testing";
		};
/* End PBXNativeTarget section */

/* Begin PBXProject section */
		1070B085280C0D280016BE8C /* Project object */ = {
			isa = PBXProject;
			attributes = {
				BuildIndependentTargetsInParallel = 1;
				LastSwiftUpdateCheck = 1330;
				LastUpgradeCheck = 1330;
				TargetAttributes = {
					1070B08C280C0D280016BE8C = {
						CreatedOnToolsVersion = 13.3.1;
					};
					1070B09C280C0D280016BE8C = {
						CreatedOnToolsVersion = 13.3.1;
						TestTargetID = 1070B08C280C0D280016BE8C;
					};
					1070B0A6280C0D280016BE8C = {
						CreatedOnToolsVersion = 13.3.1;
						TestTargetID = 1070B08C280C0D280016BE8C;
					};
				};
			};
			buildConfigurationList = 1070B088280C0D280016BE8C /* Build configuration list for PBXProject "KaraokeSDKDemo" */;
			compatibilityVersion = "Xcode 13.0";
			developmentRegion = en;
			hasScannedForEncodings = 0;
			knownRegions = (
				en,
				Base,
			);
			mainGroup = 1070B084280C0D280016BE8C;
			productRefGroup = 1070B08E280C0D280016BE8C /* Products */;
			projectDirPath = "";
			projectRoot = "";
			targets = (
				1070B08C280C0D280016BE8C /* KaraokeSDKDemo */,
				1070B09C280C0D280016BE8C /* KaraokeSDKDemoTests */,
				1070B0A6280C0D280016BE8C /* KaraokeSDKDemoUITests */,
			);
		};
/* End PBXProject section */

/* Begin PBXResourcesBuildPhase section */
		1070B08B280C0D280016BE8C /* Resources */ = {
			isa = PBXResourcesBuildPhase;
			buildActionMask = 2147483647;
			files = (
				1070B098280C0D280016BE8C /* Preview Assets.xcassets in Resources */,
				1070B095280C0D280016BE8C /* Assets.xcassets in Resources */,
			);
			runOnlyForDeploymentPostprocessing = 0;
		};
		1070B09B280C0D280016BE8C /* Resources */ = {
			isa = PBXResourcesBuildPhase;
			buildActionMask = 2147483647;
			files = (
			);
			runOnlyForDeploymentPostprocessing = 0;
		};
		1070B0A5280C0D280016BE8C /* Resources */ = {
			isa = PBXResourcesBuildPhase;
			buildActionMask = 2147483647;
			files = (
			);
			runOnlyForDeploymentPostprocessing = 0;
		};
/* End PBXResourcesBuildPhase section */

/* Begin PBXSourcesBuildPhase section */
		1070B089280C0D280016BE8C /* Sources */ = {
			isa = PBXSourcesBuildPhase;
			buildActionMask = 2147483647;
			files = (
				1070B093280C0D280016BE8C /* ContentView.swift in Sources */,
				1070B091280C0D280016BE8C /* KaraokeSDKDemoApp.swift in Sources */,
			);
			runOnlyForDeploymentPostprocessing = 0;
		};
		1070B099280C0D280016BE8C /* Sources */ = {
			isa = PBXSourcesBuildPhase;
			buildActionMask = 2147483647;
			files = (
				1070B0A2280C0D280016BE8C /* KaraokeSDKDemoTests.swift in Sources */,
			);
			runOnlyForDeploymentPostprocessing = 0;
		};
		1070B0A3280C0D280016BE8C /* Sources */ = {
			isa = PBXSourcesBuildPhase;
			buildActionMask = 2147483647;
			files = (
				1070B0AC280C0D280016BE8C /* KaraokeSDKDemoUITests.swift in Sources */,
				1070B0AE280C0D280016BE8C /* KaraokeSDKDemoUITestsLaunchTests.swift in Sources */,
			);
			runOnlyForDeploymentPostprocessing = 0;
		};
/* End PBXSourcesBuildPhase section */

/* Begin PBXTargetDependency section */
		1070B09F280C0D280016BE8C /* PBXTargetDependency */ = {
			isa = PBXTargetDependency;
			target = 1070B08C280C0D280016BE8C /* KaraokeSDKDemo */;
			targetProxy = 1070B09E280C0D280016BE8C /* PBXContainerItemProxy */;
		};
		1070B0A9280C0D280016BE8C /* PBXTargetDependency */ = {
			isa = PBXTargetDependency;
			target = 1070B08C280C0D280016BE8C /* KaraokeSDKDemo */;
			targetProxy = 1070B0A8280C0D280016BE8C /* PBXContainerItemProxy */;
		};
/* End PBXTargetDependency section */

/* Begin XCBuildConfiguration section */
		1070B0AF280C0D280016BE8C /* Debug */ = {
			isa = XCBuildConfiguration;
			buildSettings = {
				ALWAYS_SEARCH_USER_PATHS = NO;
				CLANG_ANALYZER_NONNULL = YES;
				CLANG_ANALYZER_NUMBER_OBJECT_CONVERSION = YES_AGGRESSIVE;
				CLANG_CXX_LANGUAGE_STANDARD = "gnu++17";
				CLANG_ENABLE_MODULES = YES;
				CLANG_ENABLE_OBJC_ARC = YES;
				CLANG_ENABLE_OBJC_WEAK = YES;
				CLANG_WARN_BLOCK_CAPTURE_AUTORELEASING = YES;
				CLANG_WARN_BOOL_CONVERSION = YES;
				CLANG_WARN_COMMA = YES;
				CLANG_WARN_CONSTANT_CONVERSION = YES;
				CLANG_WARN_DEPRECATED_OBJC_IMPLEMENTATIONS = YES;
				CLANG_WARN_DIRECT_OBJC_ISA_USAGE = YES_ERROR;
				CLANG_WARN_DOCUMENTATION_COMMENTS = YES;
				CLANG_WARN_EMPTY_BODY = YES;
				CLANG_WARN_ENUM_CONVERSION = YES;
				CLANG_WARN_INFINITE_RECURSION = YES;
				CLANG_WARN_INT_CONVERSION = YES;
				CLANG_WARN_NON_LITERAL_NULL_CONVERSION = YES;
				CLANG_WARN_OBJC_IMPLICIT_RETAIN_SELF = YES;
				CLANG_WARN_OBJC_LITERAL_CONVERSION = YES;
				CLANG_WARN_OBJC_ROOT_CLASS = YES_ERROR;
				CLANG_WARN_QUOTED_INCLUDE_IN_FRAMEWORK_HEADER = YES;
				CLANG_WARN_RANGE_LOOP_ANALYSIS = YES;
				CLANG_WARN_STRICT_PROTOTYPES = YES;
				CLANG_WARN_SUSPICIOUS_MOVE = YES;
				CLANG_WARN_UNGUARDED_AVAILABILITY = YES_AGGRESSIVE;
				CLANG_WARN_UNREACHABLE_CODE = YES;
				CLANG_WARN__DUPLICATE_METHOD_MATCH = YES;
				COPY_PHASE_STRIP = NO;
				DEBUG_INFORMATION_FORMAT = dwarf;
				ENABLE_STRICT_OBJC_MSGSEND = YES;
				ENABLE_TESTABILITY = YES;
				GCC_C_LANGUAGE_STANDARD = gnu11;
				GCC_DYNAMIC_NO_PIC = NO;
				GCC_NO_COMMON_BLOCKS = YES;
				GCC_OPTIMIZATION_LEVEL = 0;
				GCC_PREPROCESSOR_DEFINITIONS = (
					"DEBUG=1",
					"$(inherited)",
				);
				GCC_WARN_64_TO_32_BIT_CONVERSION = YES;
				GCC_WARN_ABOUT_RETURN_TYPE = YES_ERROR;
				GCC_WARN_UNDECLARED_SELECTOR = YES;
				GCC_WARN_UNINITIALIZED_AUTOS = YES_AGGRESSIVE;
				GCC_WARN_UNUSED_FUNCTION = YES;
				GCC_WARN_UNUSED_VARIABLE = YES;
				IPHONEOS_DEPLOYMENT_TARGET = 15.4;
				MTL_ENABLE_DEBUG_INFO = INCLUDE_SOURCE;
				MTL_FAST_MATH = YES;
				ONLY_ACTIVE_ARCH = YES;
				SDKROOT = iphoneos;
				SWIFT_ACTIVE_COMPILATION_CONDITIONS = DEBUG;
				SWIFT_OPTIMIZATION_LEVEL = "-Onone";
			};
			name = Debug;
		};
		1070B0B0280C0D280016BE8C /* Release */ = {
			isa = XCBuildConfiguration;
			buildSettings = {
				ALWAYS_SEARCH_USER_PATHS = NO;
				CLANG_ANALYZER_NONNULL = YES;
				CLANG_ANALYZER_NUMBER_OBJECT_CONVERSION = YES_AGGRESSIVE;
				CLANG_CXX_LANGUAGE_STANDARD = "gnu++17";
				CLANG_ENABLE_MODULES = YES;
				CLANG_ENABLE_OBJC_ARC = YES;
				CLANG_ENABLE_OBJC_WEAK = YES;
				CLANG_WARN_BLOCK_CAPTURE_AUTORELEASING = YES;
				CLANG_WARN_BOOL_CONVERSION = YES;
				CLANG_WARN_COMMA = YES;
				CLANG_WARN_CONSTANT_CONVERSION = YES;
				CLANG_WARN_DEPRECATED_OBJC_IMPLEMENTATIONS = YES;
				CLANG_WARN_DIRECT_OBJC_ISA_USAGE = YES_ERROR;
				CLANG_WARN_DOCUMENTATION_COMMENTS = YES;
				CLANG_WARN_EMPTY_BODY = YES;
				CLANG_WARN_ENUM_CONVERSION = YES;
				CLANG_WARN_INFINITE_RECURSION = YES;
				CLANG_WARN_INT_CONVERSION = YES;
				CLANG_WARN_NON_LITERAL_NULL_CONVERSION = YES;
				CLANG_WARN_OBJC_IMPLICIT_RETAIN_SELF = YES;
				CLANG_WARN_OBJC_LITERAL_CONVERSION = YES;
				CLANG_WARN_OBJC_ROOT_CLASS = YES_ERROR;
				CLANG_WARN_QUOTED_INCLUDE_IN_FRAMEWORK_HEADER = YES;
				CLANG_WARN_RANGE_LOOP_ANALYSIS = YES;
				CLANG_WARN_STRICT_PROTOTYPES = YES;
				CLANG_WARN_SUSPICIOUS_MOVE = YES;
				CLANG_WARN_UNGUARDED_AVAILABILITY = YES_AGGRESSIVE;
				CLANG_WARN_UNREACHABLE_CODE = YES;
				CLANG_WARN__DUPLICATE_METHOD_MATCH = YES;
				COPY_PHASE_STRIP = NO;
				DEBUG_INFORMATION_FORMAT = "dwarf-with-dsym";
				ENABLE_NS_ASSERTIONS = NO;
				ENABLE_STRICT_OBJC_MSGSEND = YES;
				GCC_C_LANGUAGE_STANDARD = gnu11;
				GCC_NO_COMMON_BLOCKS = YES;
				GCC_WARN_64_TO_32_BIT_CONVERSION = YES;
				GCC_WARN_ABOUT_RETURN_TYPE = YES_ERROR;
				GCC_WARN_UNDECLARED_SELECTOR = YES;
				GCC_WARN_UNINITIALIZED_AUTOS = YES_AGGRESSIVE;
				GCC_WARN_UNUSED_FUNCTION = YES;
				GCC_WARN_UNUSED_VARIABLE = YES;
				IPHONEOS_DEPLOYMENT_TARGET = 15.4;
				MTL_ENABLE_DEBUG_INFO = NO;
				MTL_FAST_MATH = YES;
				SDKROOT = iphoneos;
				SWIFT_COMPILATION_MODE = wholemodule;
				SWIFT_OPTIMIZATION_LEVEL = "-O";
				VALIDATE_PRODUCT = YES;
			};
			name = Release;
		};
		1070B0B2280C0D280016BE8C /* Debug */ = {
			isa = XCBuildConfiguration;
			buildSettings = {
				ASSETCATALOG_COMPILER_APPICON_NAME = AppIcon;
				ASSETCATALOG_COMPILER_GLOBAL_ACCENT_COLOR_NAME = AccentColor;
				CODE_SIGN_STYLE = Automatic;
				CURRENT_PROJECT_VERSION = 1;
				DEVELOPMENT_ASSET_PATHS = "\"KaraokeSDKDemo/Preview Content\"";
				DEVELOPMENT_TEAM = D9HU6JZF2Q;
				ENABLE_PREVIEWS = YES;
				GENERATE_INFOPLIST_FILE = YES;
				INFOPLIST_KEY_UIApplicationSceneManifest_Generation = YES;
				INFOPLIST_KEY_UIApplicationSupportsIndirectInputEvents = YES;
				INFOPLIST_KEY_UILaunchScreen_Generation = YES;
				INFOPLIST_KEY_UISupportedInterfaceOrientations_iPad = "UIInterfaceOrientationPortrait UIInterfaceOrientationPortraitUpsideDown UIInterfaceOrientationLandscapeLeft UIInterfaceOrientationLandscapeRight";
				INFOPLIST_KEY_UISupportedInterfaceOrientations_iPhone = "UIInterfaceOrientationPortrait UIInterfaceOrientationLandscapeLeft UIInterfaceOrientationLandscapeRight";
				LD_RUNPATH_SEARCH_PATHS = (
					"$(inherited)",
					"@executable_path/Frameworks",
				);
				MARKETING_VERSION = 1.0;
				PRODUCT_BUNDLE_IDENTIFIER = work.tkgstrator.KaraokeSDKDemo;
				PRODUCT_NAME = "$(TARGET_NAME)";
				SWIFT_EMIT_LOC_STRINGS = YES;
				SWIFT_VERSION = 5.0;
				TARGETED_DEVICE_FAMILY = "1,2";
			};
			name = Debug;
		};
		1070B0B3280C0D280016BE8C /* Release */ = {
			isa = XCBuildConfiguration;
			buildSettings = {
				ASSETCATALOG_COMPILER_APPICON_NAME = AppIcon;
				ASSETCATALOG_COMPILER_GLOBAL_ACCENT_COLOR_NAME = AccentColor;
				CODE_SIGN_STYLE = Automatic;
				CURRENT_PROJECT_VERSION = 1;
				DEVELOPMENT_ASSET_PATHS = "\"KaraokeSDKDemo/Preview Content\"";
				DEVELOPMENT_TEAM = D9HU6JZF2Q;
				ENABLE_PREVIEWS = YES;
				GENERATE_INFOPLIST_FILE = YES;
				INFOPLIST_KEY_UIApplicationSceneManifest_Generation = YES;
				INFOPLIST_KEY_UIApplicationSupportsIndirectInputEvents = YES;
				INFOPLIST_KEY_UILaunchScreen_Generation = YES;
				INFOPLIST_KEY_UISupportedInterfaceOrientations_iPad = "UIInterfaceOrientationPortrait UIInterfaceOrientationPortraitUpsideDown UIInterfaceOrientationLandscapeLeft UIInterfaceOrientationLandscapeRight";
				INFOPLIST_KEY_UISupportedInterfaceOrientations_iPhone = "UIInterfaceOrientationPortrait UIInterfaceOrientationLandscapeLeft UIInterfaceOrientationLandscapeRight";
				LD_RUNPATH_SEARCH_PATHS = (
					"$(inherited)",
					"@executable_path/Frameworks",
				);
				MARKETING_VERSION = 1.0;
				PRODUCT_BUNDLE_IDENTIFIER = work.tkgstrator.KaraokeSDKDemo;
				PRODUCT_NAME = "$(TARGET_NAME)";
				SWIFT_EMIT_LOC_STRINGS = YES;
				SWIFT_VERSION = 5.0;
				TARGETED_DEVICE_FAMILY = "1,2";
			};
			name = Release;
		};
		1070B0B5280C0D280016BE8C /* Debug */ = {
			isa = XCBuildConfiguration;
			buildSettings = {
				ALWAYS_EMBED_SWIFT_STANDARD_LIBRARIES = YES;
				BUNDLE_LOADER = "$(TEST_HOST)";
				CODE_SIGN_STYLE = Automatic;
				CURRENT_PROJECT_VERSION = 1;
				DEVELOPMENT_TEAM = D9HU6JZF2Q;
				GENERATE_INFOPLIST_FILE = YES;
				IPHONEOS_DEPLOYMENT_TARGET = 15.4;
				MARKETING_VERSION = 1.0;
				PRODUCT_BUNDLE_IDENTIFIER = work.tkgstrator.KaraokeSDKDemoTests;
				PRODUCT_NAME = "$(TARGET_NAME)";
				SWIFT_EMIT_LOC_STRINGS = NO;
				SWIFT_VERSION = 5.0;
				TARGETED_DEVICE_FAMILY = "1,2";
				TEST_HOST = "$(BUILT_PRODUCTS_DIR)/KaraokeSDKDemo.app/KaraokeSDKDemo";
			};
			name = Debug;
		};
		1070B0B6280C0D280016BE8C /* Release */ = {
			isa = XCBuildConfiguration;
			buildSettings = {
				ALWAYS_EMBED_SWIFT_STANDARD_LIBRARIES = YES;
				BUNDLE_LOADER = "$(TEST_HOST)";
				CODE_SIGN_STYLE = Automatic;
				CURRENT_PROJECT_VERSION = 1;
				DEVELOPMENT_TEAM = D9HU6JZF2Q;
				GENERATE_INFOPLIST_FILE = YES;
				IPHONEOS_DEPLOYMENT_TARGET = 15.4;
				MARKETING_VERSION = 1.0;
				PRODUCT_BUNDLE_IDENTIFIER = work.tkgstrator.KaraokeSDKDemoTests;
				PRODUCT_NAME = "$(TARGET_NAME)";
				SWIFT_EMIT_LOC_STRINGS = NO;
				SWIFT_VERSION = 5.0;
				TARGETED_DEVICE_FAMILY = "1,2";
				TEST_HOST = "$(BUILT_PRODUCTS_DIR)/KaraokeSDKDemo.app/KaraokeSDKDemo";
			};
			name = Release;
		};
		1070B0B8280C0D280016BE8C /* Debug */ = {
			isa = XCBuildConfiguration;
			buildSettings = {
				ALWAYS_EMBED_SWIFT_STANDARD_LIBRARIES = YES;
				CODE_SIGN_STYLE = Automatic;
				CURRENT_PROJECT_VERSION = 1;
				DEVELOPMENT_TEAM = D9HU6JZF2Q;
				GENERATE_INFOPLIST_FILE = YES;
				MARKETING_VERSION = 1.0;
				PRODUCT_BUNDLE_IDENTIFIER = work.tkgstrator.KaraokeSDKDemoUITests;
				PRODUCT_NAME = "$(TARGET_NAME)";
				SWIFT_EMIT_LOC_STRINGS = NO;
				SWIFT_VERSION = 5.0;
				TARGETED_DEVICE_FAMILY = "1,2";
				TEST_TARGET_NAME = KaraokeSDKDemo;
			};
			name = Debug;
		};
		1070B0B9280C0D280016BE8C /* Release */ = {
			isa = XCBuildConfiguration;
			buildSettings = {
				ALWAYS_EMBED_SWIFT_STANDARD_LIBRARIES = YES;
				CODE_SIGN_STYLE = Automatic;
				CURRENT_PROJECT_VERSION = 1;
				DEVELOPMENT_TEAM = D9HU6JZF2Q;
				GENERATE_INFOPLIST_FILE = YES;
				MARKETING_VERSION = 1.0;
				PRODUCT_BUNDLE_IDENTIFIER = work.tkgstrator.KaraokeSDKDemoUITests;
				PRODUCT_NAME = "$(TARGET_NAME)";
				SWIFT_EMIT_LOC_STRINGS = NO;
				SWIFT_VERSION = 5.0;
				TARGETED_DEVICE_FAMILY = "1,2";
				TEST_TARGET_NAME = KaraokeSDKDemo;
			};
			name = Release;
		};
/* End XCBuildConfiguration section */

/* Begin XCConfigurationList section */
		1070B088280C0D280016BE8C /* Build configuration list for PBXProject "KaraokeSDKDemo" */ = {
			isa = XCConfigurationList;
			buildConfigurations = (
				1070B0AF280C0D280016BE8C /* Debug */,
				1070B0B0280C0D280016BE8C /* Release */,
			);
			defaultConfigurationIsVisible = 0;
			defaultConfigurationName = Release;
		};
		1070B0B1280C0D280016BE8C /* Build configuration list for PBXNativeTarget "KaraokeSDKDemo" */ = {
			isa = XCConfigurationList;
			buildConfigurations = (
				1070B0B2280C0D280016BE8C /* Debug */,
				1070B0B3280C0D280016BE8C /* Release */,
			);
			defaultConfigurationIsVisible = 0;
			defaultConfigurationName = Release;
		};
		1070B0B4280C0D280016BE8C /* Build configuration list for PBXNativeTarget "KaraokeSDKDemoTests" */ = {
			isa = XCConfigurationList;
			buildConfigurations = (
				1070B0B5280C0D280016BE8C /* Debug */,
				1070B0B6280C0D280016BE8C /* Release */,
			);
			defaultConfigurationIsVisible = 0;
			defaultConfigurationName = Release;
		};
		1070B0B7280C0D280016BE8C /* Build configuration list for PBXNativeTarget "KaraokeSDKDemoUITests" */ = {
			isa = XCConfigurationList;
			buildConfigurations = (
				1070B0B8280C0D280016BE8C /* Debug */,
				1070B0B9280C0D280016BE8C /* Release */,
			);
			defaultConfigurationIsVisible = 0;
			defaultConfigurationName = Release;
		};
/* End XCConfigurationList section */

/* Begin XCSwiftPackageProductDependency section */
		10C24EFD280C0D7F00A03FD2 /* KaraokeSDK */ = {
			isa = XCSwiftPackageProductDependency;
			productName = KaraokeSDK;
		};
/* End XCSwiftPackageProductDependency section */
	};
	rootObject = 1070B085280C0D280016BE8C /* Project object */;
}
